
Microsoft Visual Studio Solution File, Format Version 12.00
# Visual Studio for Mac
Project("{FAE04EC0-301F-11D3-BF4B-00C04F79EFBC}") = "Assembly-CSharp", "Assembly-CSharp.csproj", "{AE8AD437-7756-A4AC-6A28-FB61F4537DBE}"
EndProject
Global
	GlobalSection(SolutionConfigurationPlatforms) = preSolution
		Debug|Any CPU = Debug|Any CPU
		Release|Any CPU = Release|Any CPU
	EndGlobalSection
	GlobalSection(ProjectConfigurationPlatforms) = postSolution
		{AE8AD437-7756-A4AC-6A28-FB61F4537DBE}.Debug|Any CPU.ActiveCfg = Debug|Any CPU
		{AE8AD437-7756-A4AC-6A28-FB61F4537DBE}.Debug|Any CPU.Build.0 = Debug|Any CPU
		{AE8AD437-7756-A4AC-6A28-FB61F4537DBE}.Release|Any CPU.ActiveCfg = Release|Any CPU
		{AE8AD437-7756-A4AC-6A28-FB61F4537DBE}.Release|Any CPU.Build.0 = Release|Any CPU
	EndGlobalSection
	GlobalSection(SolutionProperties) = preSolution
		HideSolutionNode = FALSE
	EndGlobalSection
EndGlobal
